
Microsoft Visual Studio Solution File, Format Version 12.00
# Visual Studio 15
VisualStudioVersion = 15.0.28307.572
MinimumVisualStudioVersion = 10.0.40219.1
Project("{FAE04EC0-301F-11D3-BF4B-00C04F79EFBC}") = "Demo", "Demo\Demo.csproj", "{57962F26-A3EE-41A1-8C76-1CE11CCFD3DA}"
EndProject
Project("{FAE04EC0-301F-11D3-BF4B-00C04F79EFBC}") = "SumMatrixElements", "SumMatrixElements\SumMatrixElements.csproj", "{04F58308-102E-4B6B-A7CA-5091087A4800}"
EndProject
Project("{FAE04EC0-301F-11D3-BF4B-00C04F79EFBC}") = "SumMatrixColumns", "SumMatrixColumns\SumMatrixColumns.csproj", "{8E9A678B-9297-4803-90FB-BE3814B0D8B1}"
EndProject
Project("{FAE04EC0-301F-11D3-BF4B-00C04F79EFBC}") = "PrimaryDiagonal", "PrimaryDiagonal\PrimaryDiagonal.csproj", "{32DF733F-647D-4EA7-BDE6-E03E34E0B947}"
EndProject
Project("{FAE04EC0-301F-11D3-BF4B-00C04F79EFBC}") = "SymbolinMatrix", "SymbolinMatrix\SymbolinMatrix.csproj", "{10861820-7667-432D-8251-2C69AC3BA8AC}"
EndProject
Project("{FAE04EC0-301F-11D3-BF4B-00C04F79EFBC}") = "SquareWithMaximumSum", "SquareWithMaximumSum\SquareWithMaximumSum.csproj", "{84A4AEC5-3266-4435-ABD8-9282FF2FB7F8}"
EndProject
Global
	GlobalSection(SolutionConfigurationPlatforms) = preSolution
		Debug|Any CPU = Debug|Any CPU
		Release|Any CPU = Release|Any CPU
	EndGlobalSection
	GlobalSection(ProjectConfigurationPlatforms) = postSolution
		{57962F26-A3EE-41A1-8C76-1CE11CCFD3DA}.Debug|Any CPU.ActiveCfg = Debug|Any CPU
		{57962F26-A3EE-41A1-8C76-1CE11CCFD3DA}.Debug|Any CPU.Build.0 = Debug|Any CPU
		{57962F26-A3EE-41A1-8C76-1CE11CCFD3DA}.Release|Any CPU.ActiveCfg = Release|Any CPU
		{57962F26-A3EE-41A1-8C76-1CE11CCFD3DA}.Release|Any CPU.Build.0 = Release|Any CPU
		{04F58308-102E-4B6B-A7CA-5091087A4800}.Debug|Any CPU.ActiveCfg = Debug|Any CPU
		{04F58308-102E-4B6B-A7CA-5091087A4800}.Debug|Any CPU.Build.0 = Debug|Any CPU
		{04F58308-102E-4B6B-A7CA-5091087A4800}.Release|Any CPU.ActiveCfg = Release|Any CPU
		{04F58308-102E-4B6B-A7CA-5091087A4800}.Release|Any CPU.Build.0 = Release|Any CPU
		{8E9A678B-9297-4803-90FB-BE3814B0D8B1}.Debug|Any CPU.ActiveCfg = Debug|Any CPU
		{8E9A678B-9297-4803-90FB-BE3814B0D8B1}.Debug|Any CPU.Build.0 = Debug|Any CPU
		{8E9A678B-9297-4803-90FB-BE3814B0D8B1}.Release|Any CPU.ActiveCfg = Release|Any CPU
		{8E9A678B-9297-4803-90FB-BE3814B0D8B1}.Release|Any CPU.Build.0 = Release|Any CPU
		{32DF733F-647D-4EA7-BDE6-E03E34E0B947}.Debug|Any CPU.ActiveCfg = Debug|Any CPU
		{32DF733F-647D-4EA7-BDE6-E03E34E0B947}.Debug|Any CPU.Build.0 = Debug|Any CPU
		{32DF733F-647D-4EA7-BDE6-E03E34E0B947}.Release|Any CPU.ActiveCfg = Release|Any CPU
		{32DF733F-647D-4EA7-BDE6-E03E34E0B947}.Release|Any CPU.Build.0 = Release|Any CPU
		{10861820-7667-432D-8251-2C69AC3BA8AC}.Debug|Any CPU.ActiveCfg = Debug|Any CPU
		{10861820-7667-432D-8251-2C69AC3BA8AC}.Debug|Any CPU.Build.0 = Debug|Any CPU
		{10861820-7667-432D-8251-2C69AC3BA8AC}.Release|Any CPU.ActiveCfg = Release|Any CPU
		{10861820-7667-432D-8251-2C69AC3BA8AC}.Release|Any CPU.Build.0 = Release|Any CPU
		{84A4AEC5-3266-4435-ABD8-9282FF2FB7F8}.Debug|Any CPU.ActiveCfg = Debug|Any CPU
		{84A4AEC5-3266-4435-ABD8-9282FF2FB7F8}.Debug|Any CPU.Build.0 = Debug|Any CPU
		{84A4AEC5-3266-4435-ABD8-9282FF2FB7F8}.Release|Any CPU.ActiveCfg = Release|Any CPU
		{84A4AEC5-3266-4435-ABD8-9282FF2FB7F8}.Release|Any CPU.Build.0 = Release|Any CPU
	EndGlobalSection
	GlobalSection(SolutionProperties) = preSolution
		HideSolutionNode = FALSE
	EndGlobalSection
	GlobalSection(ExtensibilityGlobals) = postSolution
		SolutionGuid = {A58E2383-1F7B-4269-97B5-A6DAC3D8A28A}
	EndGlobalSection
EndGlobal
