
Microsoft Visual Studio Solution File, Format Version 12.00
# Visual Studio 15
VisualStudioVersion = 15.0.28307.572
MinimumVisualStudioVersion = 10.0.40219.1
Project("{FAE04EC0-301F-11D3-BF4B-00C04F79EFBC}") = "EvenLines", "EvenLines\EvenLines.csproj", "{8C3CD20B-5DF2-4B88-B95A-46229E034AB4}"
EndProject
Project("{FAE04EC0-301F-11D3-BF4B-00C04F79EFBC}") = "Test", "Test\Test.csproj", "{CC88E09E-02A7-45D6-B32A-19BAF6825173}"
EndProject
Global
	GlobalSection(SolutionConfigurationPlatforms) = preSolution
		Debug|Any CPU = Debug|Any CPU
		Release|Any CPU = Release|Any CPU
	EndGlobalSection
	GlobalSection(ProjectConfigurationPlatforms) = postSolution
		{8C3CD20B-5DF2-4B88-B95A-46229E034AB4}.Debug|Any CPU.ActiveCfg = Debug|Any CPU
		{8C3CD20B-5DF2-4B88-B95A-46229E034AB4}.Debug|Any CPU.Build.0 = Debug|Any CPU
		{8C3CD20B-5DF2-4B88-B95A-46229E034AB4}.Release|Any CPU.ActiveCfg = Release|Any CPU
		{8C3CD20B-5DF2-4B88-B95A-46229E034AB4}.Release|Any CPU.Build.0 = Release|Any CPU
		{CC88E09E-02A7-45D6-B32A-19BAF6825173}.Debug|Any CPU.ActiveCfg = Debug|Any CPU
		{CC88E09E-02A7-45D6-B32A-19BAF6825173}.Debug|Any CPU.Build.0 = Debug|Any CPU
		{CC88E09E-02A7-45D6-B32A-19BAF6825173}.Release|Any CPU.ActiveCfg = Release|Any CPU
		{CC88E09E-02A7-45D6-B32A-19BAF6825173}.Release|Any CPU.Build.0 = Release|Any CPU
	EndGlobalSection
	GlobalSection(SolutionProperties) = preSolution
		HideSolutionNode = FALSE
	EndGlobalSection
	GlobalSection(ExtensibilityGlobals) = postSolution
		SolutionGuid = {B0C691BB-4BC3-4E6A-902C-DB95219A7972}
	EndGlobalSection
EndGlobal
