
Microsoft Visual Studio Solution File, Format Version 12.00
# Visual Studio 15
VisualStudioVersion = 15.0.28307.572
MinimumVisualStudioVersion = 10.0.40219.1
Project("{9A19103F-16F7-4668-BE54-9A1E7A4F7556}") = "DiagonalDifference", "DiagonalDifference\DiagonalDifference.csproj", "{FA6E15B7-38C0-40F4-9187-62BA92B47FCC}"
EndProject
Project("{9A19103F-16F7-4668-BE54-9A1E7A4F7556}") = "SquaresInMatrix", "SquaresInMatrix\SquaresInMatrix.csproj", "{9091CB50-91A0-4180-BB11-C749F33B144E}"
EndProject
Project("{9A19103F-16F7-4668-BE54-9A1E7A4F7556}") = "MaximalSum", "MaximalSum\MaximalSum.csproj", "{FC6070DD-B921-4C9B-893A-C331EC1C71C7}"
EndProject
Project("{9A19103F-16F7-4668-BE54-9A1E7A4F7556}") = "MatrixShuffling", "MatrixShuffling\MatrixShuffling.csproj", "{D8DB4958-75E6-4C21-9E10-5C7CC5BB94EF}"
EndProject
Project("{9A19103F-16F7-4668-BE54-9A1E7A4F7556}") = "SnakeMoves", "SnakeMoves\SnakeMoves.csproj", "{45320050-438A-4FF5-B950-7467278E0863}"
EndProject
Project("{9A19103F-16F7-4668-BE54-9A1E7A4F7556}") = "JaggedArrayManipulator", "JaggedArrayManipulator\JaggedArrayManipulator.csproj", "{80C8DE28-5E6B-4CB6-A3C7-2CECE780056E}"
EndProject
Project("{9A19103F-16F7-4668-BE54-9A1E7A4F7556}") = "KnightGame", "KnightGame\KnightGame.csproj", "{2EA9A546-2737-46B9-A1AE-EDC0942026E5}"
EndProject
Project("{9A19103F-16F7-4668-BE54-9A1E7A4F7556}") = "Bombs", "Bombs\Bombs.csproj", "{0B230A11-2855-44D1-8F3A-59D2C46B2865}"
EndProject
Project("{9A19103F-16F7-4668-BE54-9A1E7A4F7556}") = "Miner", "Miner\Miner.csproj", "{F13B4DAF-D9A5-427C-B975-5AAA16BA89BE}"
EndProject
Project("{FAE04EC0-301F-11D3-BF4B-00C04F79EFBC}") = "RadioactiveMutantVampireBunnies", "RadioactiveMutantVampireBunnies\RadioactiveMutantVampireBunnies.csproj", "{67B9CBCC-0C15-4292-AA71-1240899E4363}"
EndProject
Global
	GlobalSection(SolutionConfigurationPlatforms) = preSolution
		Debug|Any CPU = Debug|Any CPU
		Release|Any CPU = Release|Any CPU
	EndGlobalSection
	GlobalSection(ProjectConfigurationPlatforms) = postSolution
		{FA6E15B7-38C0-40F4-9187-62BA92B47FCC}.Debug|Any CPU.ActiveCfg = Debug|Any CPU
		{FA6E15B7-38C0-40F4-9187-62BA92B47FCC}.Debug|Any CPU.Build.0 = Debug|Any CPU
		{FA6E15B7-38C0-40F4-9187-62BA92B47FCC}.Release|Any CPU.ActiveCfg = Release|Any CPU
		{FA6E15B7-38C0-40F4-9187-62BA92B47FCC}.Release|Any CPU.Build.0 = Release|Any CPU
		{9091CB50-91A0-4180-BB11-C749F33B144E}.Debug|Any CPU.ActiveCfg = Debug|Any CPU
		{9091CB50-91A0-4180-BB11-C749F33B144E}.Debug|Any CPU.Build.0 = Debug|Any CPU
		{9091CB50-91A0-4180-BB11-C749F33B144E}.Release|Any CPU.ActiveCfg = Release|Any CPU
		{9091CB50-91A0-4180-BB11-C749F33B144E}.Release|Any CPU.Build.0 = Release|Any CPU
		{FC6070DD-B921-4C9B-893A-C331EC1C71C7}.Debug|Any CPU.ActiveCfg = Debug|Any CPU
		{FC6070DD-B921-4C9B-893A-C331EC1C71C7}.Debug|Any CPU.Build.0 = Debug|Any CPU
		{FC6070DD-B921-4C9B-893A-C331EC1C71C7}.Release|Any CPU.ActiveCfg = Release|Any CPU
		{FC6070DD-B921-4C9B-893A-C331EC1C71C7}.Release|Any CPU.Build.0 = Release|Any CPU
		{D8DB4958-75E6-4C21-9E10-5C7CC5BB94EF}.Debug|Any CPU.ActiveCfg = Debug|Any CPU
		{D8DB4958-75E6-4C21-9E10-5C7CC5BB94EF}.Debug|Any CPU.Build.0 = Debug|Any CPU
		{D8DB4958-75E6-4C21-9E10-5C7CC5BB94EF}.Release|Any CPU.ActiveCfg = Release|Any CPU
		{D8DB4958-75E6-4C21-9E10-5C7CC5BB94EF}.Release|Any CPU.Build.0 = Release|Any CPU
		{45320050-438A-4FF5-B950-7467278E0863}.Debug|Any CPU.ActiveCfg = Debug|Any CPU
		{45320050-438A-4FF5-B950-7467278E0863}.Debug|Any CPU.Build.0 = Debug|Any CPU
		{45320050-438A-4FF5-B950-7467278E0863}.Release|Any CPU.ActiveCfg = Release|Any CPU
		{45320050-438A-4FF5-B950-7467278E0863}.Release|Any CPU.Build.0 = Release|Any CPU
		{80C8DE28-5E6B-4CB6-A3C7-2CECE780056E}.Debug|Any CPU.ActiveCfg = Debug|Any CPU
		{80C8DE28-5E6B-4CB6-A3C7-2CECE780056E}.Debug|Any CPU.Build.0 = Debug|Any CPU
		{80C8DE28-5E6B-4CB6-A3C7-2CECE780056E}.Release|Any CPU.ActiveCfg = Release|Any CPU
		{80C8DE28-5E6B-4CB6-A3C7-2CECE780056E}.Release|Any CPU.Build.0 = Release|Any CPU
		{2EA9A546-2737-46B9-A1AE-EDC0942026E5}.Debug|Any CPU.ActiveCfg = Debug|Any CPU
		{2EA9A546-2737-46B9-A1AE-EDC0942026E5}.Debug|Any CPU.Build.0 = Debug|Any CPU
		{2EA9A546-2737-46B9-A1AE-EDC0942026E5}.Release|Any CPU.ActiveCfg = Release|Any CPU
		{2EA9A546-2737-46B9-A1AE-EDC0942026E5}.Release|Any CPU.Build.0 = Release|Any CPU
		{0B230A11-2855-44D1-8F3A-59D2C46B2865}.Debug|Any CPU.ActiveCfg = Debug|Any CPU
		{0B230A11-2855-44D1-8F3A-59D2C46B2865}.Debug|Any CPU.Build.0 = Debug|Any CPU
		{0B230A11-2855-44D1-8F3A-59D2C46B2865}.Release|Any CPU.ActiveCfg = Release|Any CPU
		{0B230A11-2855-44D1-8F3A-59D2C46B2865}.Release|Any CPU.Build.0 = Release|Any CPU
		{F13B4DAF-D9A5-427C-B975-5AAA16BA89BE}.Debug|Any CPU.ActiveCfg = Debug|Any CPU
		{F13B4DAF-D9A5-427C-B975-5AAA16BA89BE}.Debug|Any CPU.Build.0 = Debug|Any CPU
		{F13B4DAF-D9A5-427C-B975-5AAA16BA89BE}.Release|Any CPU.ActiveCfg = Release|Any CPU
		{F13B4DAF-D9A5-427C-B975-5AAA16BA89BE}.Release|Any CPU.Build.0 = Release|Any CPU
		{67B9CBCC-0C15-4292-AA71-1240899E4363}.Debug|Any CPU.ActiveCfg = Debug|Any CPU
		{67B9CBCC-0C15-4292-AA71-1240899E4363}.Debug|Any CPU.Build.0 = Debug|Any CPU
		{67B9CBCC-0C15-4292-AA71-1240899E4363}.Release|Any CPU.ActiveCfg = Release|Any CPU
		{67B9CBCC-0C15-4292-AA71-1240899E4363}.Release|Any CPU.Build.0 = Release|Any CPU
	EndGlobalSection
	GlobalSection(SolutionProperties) = preSolution
		HideSolutionNode = FALSE
	EndGlobalSection
	GlobalSection(ExtensibilityGlobals) = postSolution
		SolutionGuid = {7B1D5B6D-9CA2-4DD5-BD86-F1AFB98A1B51}
	EndGlobalSection
EndGlobal
