
Microsoft Visual Studio Solution File, Format Version 12.00
# Visual Studio 15
VisualStudioVersion = 15.0.28307.902
MinimumVisualStudioVersion = 10.0.40219.1
Project("{FAE04EC0-301F-11D3-BF4B-00C04F79EFBC}") = "IteratorsAndComparators", "IteratorsAndComparators\IteratorsAndComparators.csproj", "{7B38C36D-E99F-4D69-B63F-4CC4215FB2B8}"
EndProject
Global
	GlobalSection(SolutionConfigurationPlatforms) = preSolution
		Debug|Any CPU = Debug|Any CPU
		Release|Any CPU = Release|Any CPU
	EndGlobalSection
	GlobalSection(ProjectConfigurationPlatforms) = postSolution
		{7B38C36D-E99F-4D69-B63F-4CC4215FB2B8}.Debug|Any CPU.ActiveCfg = Debug|Any CPU
		{7B38C36D-E99F-4D69-B63F-4CC4215FB2B8}.Debug|Any CPU.Build.0 = Debug|Any CPU
		{7B38C36D-E99F-4D69-B63F-4CC4215FB2B8}.Release|Any CPU.ActiveCfg = Release|Any CPU
		{7B38C36D-E99F-4D69-B63F-4CC4215FB2B8}.Release|Any CPU.Build.0 = Release|Any CPU
	EndGlobalSection
	GlobalSection(SolutionProperties) = preSolution
		HideSolutionNode = FALSE
	EndGlobalSection
	GlobalSection(ExtensibilityGlobals) = postSolution
		SolutionGuid = {40E0EE69-A6A3-4FFE-94D5-AED12C1549CB}
	EndGlobalSection
EndGlobal
