
Microsoft Visual Studio Solution File, Format Version 12.00
# Visual Studio 15
VisualStudioVersion = 15.0.28307.572
MinimumVisualStudioVersion = 10.0.40219.1
Project("{9A19103F-16F7-4668-BE54-9A1E7A4F7556}") = "Demo", "Demo\Demo.csproj", "{669B5B51-FBF0-46B9-BB7D-EDCAA22D7BE6}"
EndProject
Project("{9A19103F-16F7-4668-BE54-9A1E7A4F7556}") = "CountSameValuesinArray", "CountSameValuesinArray\CountSameValuesinArray.csproj", "{331DB38D-7C6D-4152-880F-1860DF96ECD1}"
EndProject
Project("{9A19103F-16F7-4668-BE54-9A1E7A4F7556}") = "AverageStudentGrades", "AverageStudentGrades\AverageStudentGrades.csproj", "{EB941481-347D-4B7B-A031-B0EFDF26D626}"
EndProject
Project("{9A19103F-16F7-4668-BE54-9A1E7A4F7556}") = "ProductShop", "ProductShop\ProductShop.csproj", "{0C09D1FF-4886-46BD-ABD2-753E75047116}"
EndProject
Project("{9A19103F-16F7-4668-BE54-9A1E7A4F7556}") = "CitiesByContinentAndCountry", "CitiesByContinentAndCountry\CitiesByContinentAndCountry.csproj", "{49E144B6-3FF5-4D70-9CA8-FC9B5881F6A8}"
EndProject
Project("{FAE04EC0-301F-11D3-BF4B-00C04F79EFBC}") = "RecordUniqueNames", "RecordUniqueNames\RecordUniqueNames.csproj", "{6F1599A0-4B60-415D-B8F1-1746A2B9F9C5}"
EndProject
Project("{FAE04EC0-301F-11D3-BF4B-00C04F79EFBC}") = "ParkingLot", "ParkingLot\ParkingLot.csproj", "{DB20A6E4-D716-42E5-B813-1B22EAC16179}"
EndProject
Project("{FAE04EC0-301F-11D3-BF4B-00C04F79EFBC}") = "SoftUniParty", "SoftUniParty\SoftUniParty.csproj", "{A13819DE-89B2-4560-8CA8-0DD941E70A05}"
EndProject
Global
	GlobalSection(SolutionConfigurationPlatforms) = preSolution
		Debug|Any CPU = Debug|Any CPU
		Release|Any CPU = Release|Any CPU
	EndGlobalSection
	GlobalSection(ProjectConfigurationPlatforms) = postSolution
		{669B5B51-FBF0-46B9-BB7D-EDCAA22D7BE6}.Debug|Any CPU.ActiveCfg = Debug|Any CPU
		{669B5B51-FBF0-46B9-BB7D-EDCAA22D7BE6}.Debug|Any CPU.Build.0 = Debug|Any CPU
		{669B5B51-FBF0-46B9-BB7D-EDCAA22D7BE6}.Release|Any CPU.ActiveCfg = Release|Any CPU
		{669B5B51-FBF0-46B9-BB7D-EDCAA22D7BE6}.Release|Any CPU.Build.0 = Release|Any CPU
		{331DB38D-7C6D-4152-880F-1860DF96ECD1}.Debug|Any CPU.ActiveCfg = Debug|Any CPU
		{331DB38D-7C6D-4152-880F-1860DF96ECD1}.Debug|Any CPU.Build.0 = Debug|Any CPU
		{331DB38D-7C6D-4152-880F-1860DF96ECD1}.Release|Any CPU.ActiveCfg = Release|Any CPU
		{331DB38D-7C6D-4152-880F-1860DF96ECD1}.Release|Any CPU.Build.0 = Release|Any CPU
		{EB941481-347D-4B7B-A031-B0EFDF26D626}.Debug|Any CPU.ActiveCfg = Debug|Any CPU
		{EB941481-347D-4B7B-A031-B0EFDF26D626}.Debug|Any CPU.Build.0 = Debug|Any CPU
		{EB941481-347D-4B7B-A031-B0EFDF26D626}.Release|Any CPU.ActiveCfg = Release|Any CPU
		{EB941481-347D-4B7B-A031-B0EFDF26D626}.Release|Any CPU.Build.0 = Release|Any CPU
		{0C09D1FF-4886-46BD-ABD2-753E75047116}.Debug|Any CPU.ActiveCfg = Debug|Any CPU
		{0C09D1FF-4886-46BD-ABD2-753E75047116}.Debug|Any CPU.Build.0 = Debug|Any CPU
		{0C09D1FF-4886-46BD-ABD2-753E75047116}.Release|Any CPU.ActiveCfg = Release|Any CPU
		{0C09D1FF-4886-46BD-ABD2-753E75047116}.Release|Any CPU.Build.0 = Release|Any CPU
		{49E144B6-3FF5-4D70-9CA8-FC9B5881F6A8}.Debug|Any CPU.ActiveCfg = Debug|Any CPU
		{49E144B6-3FF5-4D70-9CA8-FC9B5881F6A8}.Debug|Any CPU.Build.0 = Debug|Any CPU
		{49E144B6-3FF5-4D70-9CA8-FC9B5881F6A8}.Release|Any CPU.ActiveCfg = Release|Any CPU
		{49E144B6-3FF5-4D70-9CA8-FC9B5881F6A8}.Release|Any CPU.Build.0 = Release|Any CPU
		{6F1599A0-4B60-415D-B8F1-1746A2B9F9C5}.Debug|Any CPU.ActiveCfg = Debug|Any CPU
		{6F1599A0-4B60-415D-B8F1-1746A2B9F9C5}.Debug|Any CPU.Build.0 = Debug|Any CPU
		{6F1599A0-4B60-415D-B8F1-1746A2B9F9C5}.Release|Any CPU.ActiveCfg = Release|Any CPU
		{6F1599A0-4B60-415D-B8F1-1746A2B9F9C5}.Release|Any CPU.Build.0 = Release|Any CPU
		{DB20A6E4-D716-42E5-B813-1B22EAC16179}.Debug|Any CPU.ActiveCfg = Debug|Any CPU
		{DB20A6E4-D716-42E5-B813-1B22EAC16179}.Debug|Any CPU.Build.0 = Debug|Any CPU
		{DB20A6E4-D716-42E5-B813-1B22EAC16179}.Release|Any CPU.ActiveCfg = Release|Any CPU
		{DB20A6E4-D716-42E5-B813-1B22EAC16179}.Release|Any CPU.Build.0 = Release|Any CPU
		{A13819DE-89B2-4560-8CA8-0DD941E70A05}.Debug|Any CPU.ActiveCfg = Debug|Any CPU
		{A13819DE-89B2-4560-8CA8-0DD941E70A05}.Debug|Any CPU.Build.0 = Debug|Any CPU
		{A13819DE-89B2-4560-8CA8-0DD941E70A05}.Release|Any CPU.ActiveCfg = Release|Any CPU
		{A13819DE-89B2-4560-8CA8-0DD941E70A05}.Release|Any CPU.Build.0 = Release|Any CPU
	EndGlobalSection
	GlobalSection(SolutionProperties) = preSolution
		HideSolutionNode = FALSE
	EndGlobalSection
	GlobalSection(ExtensibilityGlobals) = postSolution
		SolutionGuid = {7F7F11C6-CD01-4756-93D3-432B2FDB76AA}
	EndGlobalSection
EndGlobal
