
Microsoft Visual Studio Solution File, Format Version 12.00
# Visual Studio 15
VisualStudioVersion = 15.0.28307.902
MinimumVisualStudioVersion = 10.0.40219.1
Project("{9A19103F-16F7-4668-BE54-9A1E7A4F7556}") = "ListyIterator", "ListyIterator\ListyIterator.csproj", "{B6158239-C9B0-441D-B0B5-046DABA7617B}"
EndProject
Project("{FAE04EC0-301F-11D3-BF4B-00C04F79EFBC}") = "Stack", "Stack\Stack.csproj", "{3AD50FAC-0F41-4582-A90E-63E14F6C67B3}"
EndProject
Project("{FAE04EC0-301F-11D3-BF4B-00C04F79EFBC}") = "Froggy", "Froggy\Froggy.csproj", "{BD832873-D662-4391-8AEF-CE4C0DD907D4}"
EndProject
Project("{FAE04EC0-301F-11D3-BF4B-00C04F79EFBC}") = "ComparingObjects", "ComparingObjects\ComparingObjects.csproj", "{6E92191B-B5EB-46C2-9BAD-D79106BEA94D}"
EndProject
Project("{FAE04EC0-301F-11D3-BF4B-00C04F79EFBC}") = "EqualityLogic", "EqualityLogic\EqualityLogic.csproj", "{DD298D4A-0BCE-454F-B58B-0390157B9B8B}"
EndProject
Global
	GlobalSection(SolutionConfigurationPlatforms) = preSolution
		Debug|Any CPU = Debug|Any CPU
		Release|Any CPU = Release|Any CPU
	EndGlobalSection
	GlobalSection(ProjectConfigurationPlatforms) = postSolution
		{B6158239-C9B0-441D-B0B5-046DABA7617B}.Debug|Any CPU.ActiveCfg = Debug|Any CPU
		{B6158239-C9B0-441D-B0B5-046DABA7617B}.Debug|Any CPU.Build.0 = Debug|Any CPU
		{B6158239-C9B0-441D-B0B5-046DABA7617B}.Release|Any CPU.ActiveCfg = Release|Any CPU
		{B6158239-C9B0-441D-B0B5-046DABA7617B}.Release|Any CPU.Build.0 = Release|Any CPU
		{3AD50FAC-0F41-4582-A90E-63E14F6C67B3}.Debug|Any CPU.ActiveCfg = Debug|Any CPU
		{3AD50FAC-0F41-4582-A90E-63E14F6C67B3}.Debug|Any CPU.Build.0 = Debug|Any CPU
		{3AD50FAC-0F41-4582-A90E-63E14F6C67B3}.Release|Any CPU.ActiveCfg = Release|Any CPU
		{3AD50FAC-0F41-4582-A90E-63E14F6C67B3}.Release|Any CPU.Build.0 = Release|Any CPU
		{BD832873-D662-4391-8AEF-CE4C0DD907D4}.Debug|Any CPU.ActiveCfg = Debug|Any CPU
		{BD832873-D662-4391-8AEF-CE4C0DD907D4}.Debug|Any CPU.Build.0 = Debug|Any CPU
		{BD832873-D662-4391-8AEF-CE4C0DD907D4}.Release|Any CPU.ActiveCfg = Release|Any CPU
		{BD832873-D662-4391-8AEF-CE4C0DD907D4}.Release|Any CPU.Build.0 = Release|Any CPU
		{6E92191B-B5EB-46C2-9BAD-D79106BEA94D}.Debug|Any CPU.ActiveCfg = Debug|Any CPU
		{6E92191B-B5EB-46C2-9BAD-D79106BEA94D}.Debug|Any CPU.Build.0 = Debug|Any CPU
		{6E92191B-B5EB-46C2-9BAD-D79106BEA94D}.Release|Any CPU.ActiveCfg = Release|Any CPU
		{6E92191B-B5EB-46C2-9BAD-D79106BEA94D}.Release|Any CPU.Build.0 = Release|Any CPU
		{DD298D4A-0BCE-454F-B58B-0390157B9B8B}.Debug|Any CPU.ActiveCfg = Debug|Any CPU
		{DD298D4A-0BCE-454F-B58B-0390157B9B8B}.Debug|Any CPU.Build.0 = Debug|Any CPU
		{DD298D4A-0BCE-454F-B58B-0390157B9B8B}.Release|Any CPU.ActiveCfg = Release|Any CPU
		{DD298D4A-0BCE-454F-B58B-0390157B9B8B}.Release|Any CPU.Build.0 = Release|Any CPU
	EndGlobalSection
	GlobalSection(SolutionProperties) = preSolution
		HideSolutionNode = FALSE
	EndGlobalSection
	GlobalSection(ExtensibilityGlobals) = postSolution
		SolutionGuid = {1D7C6B63-C8F7-4A67-BA1C-9913E9DC0B0D}
	EndGlobalSection
EndGlobal
