
Microsoft Visual Studio Solution File, Format Version 12.00
# Visual Studio 15
VisualStudioVersion = 15.0.28307.572
MinimumVisualStudioVersion = 10.0.40219.1
Project("{FAE04EC0-301F-11D3-BF4B-00C04F79EFBC}") = "Demo", "Demo\Demo.csproj", "{37CDA060-EA84-4670-8A3B-ADC5158A8DD9}"
EndProject
Project("{FAE04EC0-301F-11D3-BF4B-00C04F79EFBC}") = "CarManufacturer", "CarManufacturer\CarManufacturer.csproj", "{9CC26EF6-E059-4210-9608-AD84EDA40EA2}"
EndProject
Global
	GlobalSection(SolutionConfigurationPlatforms) = preSolution
		Debug|Any CPU = Debug|Any CPU
		Release|Any CPU = Release|Any CPU
	EndGlobalSection
	GlobalSection(ProjectConfigurationPlatforms) = postSolution
		{37CDA060-EA84-4670-8A3B-ADC5158A8DD9}.Debug|Any CPU.ActiveCfg = Debug|Any CPU
		{37CDA060-EA84-4670-8A3B-ADC5158A8DD9}.Debug|Any CPU.Build.0 = Debug|Any CPU
		{37CDA060-EA84-4670-8A3B-ADC5158A8DD9}.Release|Any CPU.ActiveCfg = Release|Any CPU
		{37CDA060-EA84-4670-8A3B-ADC5158A8DD9}.Release|Any CPU.Build.0 = Release|Any CPU
		{9CC26EF6-E059-4210-9608-AD84EDA40EA2}.Debug|Any CPU.ActiveCfg = Debug|Any CPU
		{9CC26EF6-E059-4210-9608-AD84EDA40EA2}.Debug|Any CPU.Build.0 = Debug|Any CPU
		{9CC26EF6-E059-4210-9608-AD84EDA40EA2}.Release|Any CPU.ActiveCfg = Release|Any CPU
		{9CC26EF6-E059-4210-9608-AD84EDA40EA2}.Release|Any CPU.Build.0 = Release|Any CPU
	EndGlobalSection
	GlobalSection(SolutionProperties) = preSolution
		HideSolutionNode = FALSE
	EndGlobalSection
	GlobalSection(ExtensibilityGlobals) = postSolution
		SolutionGuid = {F9587ACC-E4BC-460B-A9BC-4F5EF1952CB8}
	EndGlobalSection
EndGlobal
