
Microsoft Visual Studio Solution File, Format Version 12.00
# Visual Studio 15
VisualStudioVersion = 15.0.28307.902
MinimumVisualStudioVersion = 10.0.40219.1
Project("{FAE04EC0-301F-11D3-BF4B-00C04F79EFBC}") = "GenericBoxOfStrings", "GenericBoxOfStrings\GenericBoxOfStrings.csproj", "{6260B626-800D-4BB3-94C6-D6EAE0E97F79}"
EndProject
Project("{FAE04EC0-301F-11D3-BF4B-00C04F79EFBC}") = "GenericBoxOfInteger", "GenericBoxOfInteger\GenericBoxOfInteger.csproj", "{55465DA2-6AE6-4BA6-8871-4A8B2E0080A5}"
EndProject
Project("{FAE04EC0-301F-11D3-BF4B-00C04F79EFBC}") = "GenericSwapMethodStrings", "GenericSwapMethodStrings\GenericSwapMethodStrings.csproj", "{86981AEB-9694-494B-ABD1-12851F082E3A}"
EndProject
Project("{FAE04EC0-301F-11D3-BF4B-00C04F79EFBC}") = "GenericSwapMethodIntegers", "GenericSwapMethodIntegers\GenericSwapMethodIntegers.csproj", "{B4141649-F4C2-41D1-A4BB-1E2A8E9E6662}"
EndProject
Project("{FAE04EC0-301F-11D3-BF4B-00C04F79EFBC}") = "GenericCountMethodStrings", "GenericCountMethodStrings\GenericCountMethodStrings.csproj", "{4D62F47A-DA59-45F2-9EF2-6EC6727679EF}"
EndProject
Project("{FAE04EC0-301F-11D3-BF4B-00C04F79EFBC}") = "GenericCountMethodDoubles", "GenericCountMethodDoubles\GenericCountMethodDoubles.csproj", "{FB376CBD-3625-4141-A0E7-2F7314508CD7}"
EndProject
Project("{FAE04EC0-301F-11D3-BF4B-00C04F79EFBC}") = "Tuple", "Tuple\Tuple.csproj", "{75DCD453-F6E1-4243-9C08-8BFC55F696FD}"
EndProject
Project("{FAE04EC0-301F-11D3-BF4B-00C04F79EFBC}") = "Threeuple", "Threeuple\Threeuple.csproj", "{A37C2CE2-2343-438C-B253-D9ABF9D21627}"
EndProject
Global
	GlobalSection(SolutionConfigurationPlatforms) = preSolution
		Debug|Any CPU = Debug|Any CPU
		Release|Any CPU = Release|Any CPU
	EndGlobalSection
	GlobalSection(ProjectConfigurationPlatforms) = postSolution
		{6260B626-800D-4BB3-94C6-D6EAE0E97F79}.Debug|Any CPU.ActiveCfg = Debug|Any CPU
		{6260B626-800D-4BB3-94C6-D6EAE0E97F79}.Debug|Any CPU.Build.0 = Debug|Any CPU
		{6260B626-800D-4BB3-94C6-D6EAE0E97F79}.Release|Any CPU.ActiveCfg = Release|Any CPU
		{6260B626-800D-4BB3-94C6-D6EAE0E97F79}.Release|Any CPU.Build.0 = Release|Any CPU
		{55465DA2-6AE6-4BA6-8871-4A8B2E0080A5}.Debug|Any CPU.ActiveCfg = Debug|Any CPU
		{55465DA2-6AE6-4BA6-8871-4A8B2E0080A5}.Debug|Any CPU.Build.0 = Debug|Any CPU
		{55465DA2-6AE6-4BA6-8871-4A8B2E0080A5}.Release|Any CPU.ActiveCfg = Release|Any CPU
		{55465DA2-6AE6-4BA6-8871-4A8B2E0080A5}.Release|Any CPU.Build.0 = Release|Any CPU
		{86981AEB-9694-494B-ABD1-12851F082E3A}.Debug|Any CPU.ActiveCfg = Debug|Any CPU
		{86981AEB-9694-494B-ABD1-12851F082E3A}.Debug|Any CPU.Build.0 = Debug|Any CPU
		{86981AEB-9694-494B-ABD1-12851F082E3A}.Release|Any CPU.ActiveCfg = Release|Any CPU
		{86981AEB-9694-494B-ABD1-12851F082E3A}.Release|Any CPU.Build.0 = Release|Any CPU
		{B4141649-F4C2-41D1-A4BB-1E2A8E9E6662}.Debug|Any CPU.ActiveCfg = Debug|Any CPU
		{B4141649-F4C2-41D1-A4BB-1E2A8E9E6662}.Debug|Any CPU.Build.0 = Debug|Any CPU
		{B4141649-F4C2-41D1-A4BB-1E2A8E9E6662}.Release|Any CPU.ActiveCfg = Release|Any CPU
		{B4141649-F4C2-41D1-A4BB-1E2A8E9E6662}.Release|Any CPU.Build.0 = Release|Any CPU
		{4D62F47A-DA59-45F2-9EF2-6EC6727679EF}.Debug|Any CPU.ActiveCfg = Debug|Any CPU
		{4D62F47A-DA59-45F2-9EF2-6EC6727679EF}.Debug|Any CPU.Build.0 = Debug|Any CPU
		{4D62F47A-DA59-45F2-9EF2-6EC6727679EF}.Release|Any CPU.ActiveCfg = Release|Any CPU
		{4D62F47A-DA59-45F2-9EF2-6EC6727679EF}.Release|Any CPU.Build.0 = Release|Any CPU
		{FB376CBD-3625-4141-A0E7-2F7314508CD7}.Debug|Any CPU.ActiveCfg = Debug|Any CPU
		{FB376CBD-3625-4141-A0E7-2F7314508CD7}.Debug|Any CPU.Build.0 = Debug|Any CPU
		{FB376CBD-3625-4141-A0E7-2F7314508CD7}.Release|Any CPU.ActiveCfg = Release|Any CPU
		{FB376CBD-3625-4141-A0E7-2F7314508CD7}.Release|Any CPU.Build.0 = Release|Any CPU
		{75DCD453-F6E1-4243-9C08-8BFC55F696FD}.Debug|Any CPU.ActiveCfg = Debug|Any CPU
		{75DCD453-F6E1-4243-9C08-8BFC55F696FD}.Debug|Any CPU.Build.0 = Debug|Any CPU
		{75DCD453-F6E1-4243-9C08-8BFC55F696FD}.Release|Any CPU.ActiveCfg = Release|Any CPU
		{75DCD453-F6E1-4243-9C08-8BFC55F696FD}.Release|Any CPU.Build.0 = Release|Any CPU
		{A37C2CE2-2343-438C-B253-D9ABF9D21627}.Debug|Any CPU.ActiveCfg = Debug|Any CPU
		{A37C2CE2-2343-438C-B253-D9ABF9D21627}.Debug|Any CPU.Build.0 = Debug|Any CPU
		{A37C2CE2-2343-438C-B253-D9ABF9D21627}.Release|Any CPU.ActiveCfg = Release|Any CPU
		{A37C2CE2-2343-438C-B253-D9ABF9D21627}.Release|Any CPU.Build.0 = Release|Any CPU
	EndGlobalSection
	GlobalSection(SolutionProperties) = preSolution
		HideSolutionNode = FALSE
	EndGlobalSection
	GlobalSection(ExtensibilityGlobals) = postSolution
		SolutionGuid = {7DC38545-6C7F-40BB-B776-E99B1746CE34}
	EndGlobalSection
EndGlobal
